# This file is autogenerated, do not edit; changes may be undone by the next 'dep ensure'.


[[projects]]
  branch = "master"
  name = "github.com/nbio/st"
  packages = ["."]
  revision = "e9e8d9816f3268def6dcbd2dea03301f40e9de94"

[[projects]]
  name = "gopkg.in/h2non/gock.v1"
  packages = ["."]
  revision = "26775f23aa9da4cbd47bc2600a57ac07bbf3bd20"
  version = "v1.0.7"

[solve-meta]
  analyzer-name = "dep"
  analyzer-version = 1
  inputs-digest = "1e826edc880bb4b1de54cb0ea3d0fe1f566a7618309b5f85bc18d0b3f36e8d82"
  solver-name = "gps-cdcl"
  solver-version = 1
