# This file is autogenerated, do not edit; changes may be undone by the next 'dep ensure'.


[[projects]]
  name = "gopkg.in/h2non/gock.v1"
  packages = ["."]
  revision = "26775f23aa9da4cbd47bc2600a57ac07bbf3bd20"
  version = "v1.0.7"

[solve-meta]
  analyzer-name = "dep"
  analyzer-version = 1
  inputs-digest = "500dfb58bdded7c01999e39d6c577897694fbfac3972cedd0ce46c2c5f8a4e67"
  solver-name = "gps-cdcl"
  solver-version = 1
